{
  "requires": true,
  "lockfileVersion": 1,
  "dependencies": {
    "inherits": {
      "version": "2.0.4",
      "resolved": "https://registry.npmjs.org/inherits/-/inherits-2.0.4.tgz",
      "integrity": "sha512-k/vGaX4/Yla3WzyMCvTQOXYeIHvqOKtnqBduzTHpzpQZzAskKMhZ2K+EnBiSM9zGSoIFeMpXKxa4dYeZIQqewQ=="
    },
    "mkdirp-classic": {
      "version": "0.5.3",
      "resolved": "https://registry.npmjs.org/mkdirp-classic/-/mkdirp-classic-0.5.3.tgz",
      "integrity": "sha512-gKLcREMhtuZRwRAfqP3RFW+TK4JqApVBtOIftVgjuABpAtpxhPGaDcfvbhNvD0B8iD1oUr/txX35NjcaY6Ns/A=="
    },
    "random-access-file": {
      "version": "2.1.4",
      "resolved": "https://registry.npmjs.org/random-access-file/-/random-access-file-2.1.4.tgz",
      "integrity": "sha512-WAcBP5iLhg1pbjZA40WyMenjK7c5gJUY6Pi5HJ3fLJCeVFNSZv3juf20yFMKxBdvcX5GKbX/HZSfFzlLBdGTdQ==",
      "requires": {
        "mkdirp-classic": "^0.5.2",
        "random-access-storage": "^1.1.1"
      }
    },
    "random-access-storage": {
      "version": "1.4.1",
      "resolved": "https://registry.npmjs.org/random-access-storage/-/random-access-storage-1.4.1.tgz",
      "integrity": "sha512-DbCc2TIzOxPaHF6KCbr8zLtiYOJQQQCBHUVNHV/SckUQobCBB2YkDtbLdxGnPwPNpJfEyMWxDAm36A2xkbxxtw==",
      "requires": {
        "inherits": "^2.0.3"
      }
    }
  }
}
